// !$*UTF8*$!
{
	archiveVersion = 1;
	classes = {
	};
	objectVersion = 54;
	objects = {

/* Begin PBXBuildFile section */
		00E356F31AD99517003FC87E /* ReactNativeSwiftUIBridgeTests.m in Sources */ = {isa = PBXBuildFile; fileRef = 00E356F21AD99517003FC87E /* ReactNativeSwiftUIBridgeTests.m */; };
		0C80B921A6F3F58F76C31292 /* libPods-ReactNativeSwiftUIBridge.a in Frameworks */ = {isa = PBXBuildFile; fileRef = 5DCACB8F33CDC322A6C60F78 /* libPods-ReactNativeSwiftUIBridge.a */; };
		11C079E42BC00FB3006C4739 /* SimpleViewSWUI.swift in Sources */ = {isa = PBXBuildFile; fileRef = 11C079E32BC00FB3006C4739 /* SimpleViewSWUI.swift */; };
		11C079E62BC021BA006C4739 /* SimpleViewManager.m in Sources */ = {isa = PBXBuildFile; fileRef = 11C079E52BC021BA006C4739 /* SimpleViewManager.m */; };
		11C079E82BC02EF6006C4739 /* SimpleViewManager.swift in Sources */ = {isa = PBXBuildFile; fileRef = 11C079E72BC02EF6006C4739 /* SimpleViewManager.swift */; };
		11C079EC2BC13536006C4739 /* SimpleViewProxy.view.swift in Sources */ = {isa = PBXBuildFile; fileRef = 11C079EB2BC13536006C4739 /* SimpleViewProxy.view.swift */; };
		11C07A1A2BC15598006C4739 /* ShotFileInfo.swift in Sources */ = {isa = PBXBuildFile; fileRef = 11C079F02BC15598006C4739 /* ShotFileInfo.swift */; };
		11C07A1B2BC15598006C4739 /* TimedMessageList.swift in Sources */ = {isa = PBXBuildFile; fileRef = 11C079F12BC15598006C4739 /* TimedMessageList.swift */; };
		11C07A1C2BC15598006C4739 /* FeedbackMessages.swift in Sources */ = {isa = PBXBuildFile; fileRef = 11C079F22BC15598006C4739 /* FeedbackMessages.swift */; };
		11C07A1D2BC15598006C4739 /* GuidedCaptureSampleApp.swift in Sources */ = {isa = PBXBuildFile; fileRef = 11C079F32BC15598006C4739 /* GuidedCaptureSampleApp.swift */; };
		11C07A1E2BC15598006C4739 /* TutorialVideoView.swift in Sources */ = {isa = PBXBuildFile; fileRef = 11C079F42BC15598006C4739 /* TutorialVideoView.swift */; };
		11C07A1F2BC15598006C4739 /* OnboardingStateMachine.swift in Sources */ = {isa = PBXBuildFile; fileRef = 11C079F52BC15598006C4739 /* OnboardingStateMachine.swift */; };
		11C07A202BC15598006C4739 /* OnboardingTutorialView+LocalizedString.swift in Sources */ = {isa = PBXBuildFile; fileRef = 11C079F62BC15598006C4739 /* OnboardingTutorialView+LocalizedString.swift */; };
		11C07A212BC15598006C4739 /* AppDataModel+Orbit.swift in Sources */ = {isa = PBXBuildFile; fileRef = 11C079F72BC15598006C4739 /* AppDataModel+Orbit.swift */; };
		11C07A222BC15598006C4739 /* OnboardingButtonView+LocalizedString.swift in Sources */ = {isa = PBXBuildFile; fileRef = 11C079F82BC15598006C4739 /* OnboardingButtonView+LocalizedString.swift */; };
		11C07A232BC15598006C4739 /* HelpPageView.swift in Sources */ = {isa = PBXBuildFile; fileRef = 11C079F92BC15598006C4739 /* HelpPageView.swift */; };
		11C07A242BC15598006C4739 /* ProgressBarView.swift in Sources */ = {isa = PBXBuildFile; fileRef = 11C079FA2BC15598006C4739 /* ProgressBarView.swift */; };
		11C07A252BC15598006C4739 /* ScanPasses-iPhone-FixedHeight-unflippable-low.mp4 in Resources */ = {isa = PBXBuildFile; fileRef = 11C079FC2BC15598006C4739 /* ScanPasses-iPhone-FixedHeight-unflippable-low.mp4 */; };
		11C07A262BC15598006C4739 /* ScanPasses-iPhone-FixedHeight-1.mp4 in Resources */ = {isa = PBXBuildFile; fileRef = 11C079FD2BC15598006C4739 /* ScanPasses-iPhone-FixedHeight-1.mp4 */; };
		11C07A272BC15598006C4739 /* ScanPasses-iPad-FixedHeight-unflippable-high.mp4 in Resources */ = {isa = PBXBuildFile; fileRef = 11C079FE2BC15598006C4739 /* ScanPasses-iPad-FixedHeight-unflippable-high.mp4 */; };
		11C07A282BC15598006C4739 /* ScanPasses-iPhone-FixedHeight-2.mp4 in Resources */ = {isa = PBXBuildFile; fileRef = 11C079FF2BC15598006C4739 /* ScanPasses-iPhone-FixedHeight-2.mp4 */; };
		11C07A292BC15598006C4739 /* ScanPasses-iPhone-FixedHeight-3.mp4 in Resources */ = {isa = PBXBuildFile; fileRef = 11C07A002BC15598006C4739 /* ScanPasses-iPhone-FixedHeight-3.mp4 */; };
		11C07A2A2BC15598006C4739 /* ScanPasses-iPhone-FixedHeight-unflippable-high.mp4 in Resources */ = {isa = PBXBuildFile; fileRef = 11C07A012BC15598006C4739 /* ScanPasses-iPhone-FixedHeight-unflippable-high.mp4 */; };
		11C07A2B2BC15598006C4739 /* ScanPasses-iPad-FixedHeight-2.mp4 in Resources */ = {isa = PBXBuildFile; fileRef = 11C07A022BC15598006C4739 /* ScanPasses-iPad-FixedHeight-2.mp4 */; };
		11C07A2C2BC15598006C4739 /* ScanPasses-iPad-FixedHeight-3.mp4 in Resources */ = {isa = PBXBuildFile; fileRef = 11C07A032BC15598006C4739 /* ScanPasses-iPad-FixedHeight-3.mp4 */; };
		11C07A2D2BC15598006C4739 /* ScanPasses-iPad-FixedHeight-1.mp4 in Resources */ = {isa = PBXBuildFile; fileRef = 11C07A042BC15598006C4739 /* ScanPasses-iPad-FixedHeight-1.mp4 */; };
		11C07A2E2BC15598006C4739 /* ScanPasses-iPad-FixedHeight-unflippable-low.mp4 in Resources */ = {isa = PBXBuildFile; fileRef = 11C07A052BC15598006C4739 /* ScanPasses-iPad-FixedHeight-unflippable-low.mp4 */; };
		11C07A302BC15598006C4739 /* CaptureOverlayView.swift in Sources */ = {isa = PBXBuildFile; fileRef = 11C07A072BC15598006C4739 /* CaptureOverlayView.swift */; };
		11C07A312BC15598006C4739 /* Preview Assets.xcassets in Resources */ = {isa = PBXBuildFile; fileRef = 11C07A092BC15598006C4739 /* Preview Assets.xcassets */; };
		11C07A322BC15598006C4739 /* AppDataModel+State.swift in Sources */ = {isa = PBXBuildFile; fileRef = 11C07A0A2BC15598006C4739 /* AppDataModel+State.swift */; };
		11C07A332BC15598006C4739 /* UntilProcessingCompleteFilter.swift in Sources */ = {isa = PBXBuildFile; fileRef = 11C07A0B2BC15598006C4739 /* UntilProcessingCompleteFilter.swift */; };
		11C07A342BC15598006C4739 /* OnboardingButtonView.swift in Sources */ = {isa = PBXBuildFile; fileRef = 11C07A0C2BC15598006C4739 /* OnboardingButtonView.swift */; };
		11C07A352BC15598006C4739 /* CaptureOverlayView+LocalizedString.swift in Sources */ = {isa = PBXBuildFile; fileRef = 11C07A0D2BC15598006C4739 /* CaptureOverlayView+LocalizedString.swift */; };
		11C07A362BC15598006C4739 /* PlayerView.swift in Sources */ = {isa = PBXBuildFile; fileRef = 11C07A0E2BC15598006C4739 /* PlayerView.swift */; };
		11C07A372BC15598006C4739 /* FeedbackView.swift in Sources */ = {isa = PBXBuildFile; fileRef = 11C07A0F2BC15598006C4739 /* FeedbackView.swift */; };
		11C07A382BC15598006C4739 /* ReconstructionPrimaryView.swift in Sources */ = {isa = PBXBuildFile; fileRef = 11C07A102BC15598006C4739 /* ReconstructionPrimaryView.swift */; };
		11C07A392BC15598006C4739 /* AppDataModel.swift in Sources */ = {isa = PBXBuildFile; fileRef = 11C07A112BC15598006C4739 /* AppDataModel.swift */; };
		11C07A3A2BC15598006C4739 /* CaptureOverlayView+Buttons.swift in Sources */ = {isa = PBXBuildFile; fileRef = 11C07A122BC15598006C4739 /* CaptureOverlayView+Buttons.swift */; };
		11C07A3B2BC15598006C4739 /* CapturePrimaryView.swift in Sources */ = {isa = PBXBuildFile; fileRef = 11C07A132BC15598006C4739 /* CapturePrimaryView.swift */; };
		11C07A3C2BC15598006C4739 /* OnboardingView.swift in Sources */ = {isa = PBXBuildFile; fileRef = 11C07A142BC15598006C4739 /* OnboardingView.swift */; };
		11C07A3D2BC15598006C4739 /* ContentView.swift in Sources */ = {isa = PBXBuildFile; fileRef = 11C07A152BC15598006C4739 /* ContentView.swift */; };
		11C07A3E2BC15598006C4739 /* CaptureFolderManager.swift in Sources */ = {isa = PBXBuildFile; fileRef = 11C07A162BC15598006C4739 /* CaptureFolderManager.swift */; };
		11C07A3F2BC15598006C4739 /* ModelView.swift in Sources */ = {isa = PBXBuildFile; fileRef = 11C07A172BC15598006C4739 /* ModelView.swift */; };
		11C07A412BC15598006C4739 /* OnboardingTutorialView.swift in Sources */ = {isa = PBXBuildFile; fileRef = 11C07A192BC15598006C4739 /* OnboardingTutorialView.swift */; };
		13B07FBC1A68108700A75B9A /* AppDelegate.mm in Sources */ = {isa = PBXBuildFile; fileRef = 13B07FB01A68108700A75B9A /* AppDelegate.mm */; };
		13B07FBF1A68108700A75B9A /* Images.xcassets in Resources */ = {isa = PBXBuildFile; fileRef = 13B07FB51A68108700A75B9A /* Images.xcassets */; };
		13B07FC11A68108700A75B9A /* main.m in Sources */ = {isa = PBXBuildFile; fileRef = 13B07FB71A68108700A75B9A /* main.m */; };
		7699B88040F8A987B510C191 /* libPods-ReactNativeSwiftUIBridge-ReactNativeSwiftUIBridgeTests.a in Frameworks */ = {isa = PBXBuildFile; fileRef = 19F6CBCC0A4E27FBF8BF4A61 /* libPods-ReactNativeSwiftUIBridge-ReactNativeSwiftUIBridgeTests.a */; };
		81AB9BB82411601600AC10FF /* LaunchScreen.storyboard in Resources */ = {isa = PBXBuildFile; fileRef = 81AB9BB72411601600AC10FF /* LaunchScreen.storyboard */; };
/* End PBXBuildFile section */

/* Begin PBXContainerItemProxy section */
		00E356F41AD99517003FC87E /* PBXContainerItemProxy */ = {
			isa = PBXContainerItemProxy;
			containerPortal = 83CBB9F71A601CBA00E9B192 /* Project object */;
			proxyType = 1;
			remoteGlobalIDString = 13B07F861A680F5B00A75B9A;
			remoteInfo = ReactNativeSwiftUIBridge;
		};
/* End PBXContainerItemProxy section */

/* Begin PBXFileReference section */
		00E356EE1AD99517003FC87E /* ReactNativeSwiftUIBridgeTests.xctest */ = {isa = PBXFileReference; explicitFileType = wrapper.cfbundle; includeInIndex = 0; path = ReactNativeSwiftUIBridgeTests.xctest; sourceTree = BUILT_PRODUCTS_DIR; };
		00E356F11AD99517003FC87E /* Info.plist */ = {isa = PBXFileReference; lastKnownFileType = text.plist.xml; path = Info.plist; sourceTree = "<group>"; };
		00E356F21AD99517003FC87E /* ReactNativeSwiftUIBridgeTests.m */ = {isa = PBXFileReference; lastKnownFileType = sourcecode.c.objc; path = ReactNativeSwiftUIBridgeTests.m; sourceTree = "<group>"; };
		11C079E22BC00FB3006C4739 /* ReactNativeSwiftUIBridge-Bridging-Header.h */ = {isa = PBXFileReference; lastKnownFileType = sourcecode.c.h; path = "ReactNativeSwiftUIBridge-Bridging-Header.h"; sourceTree = "<group>"; };
		11C079E32BC00FB3006C4739 /* SimpleViewSWUI.swift */ = {isa = PBXFileReference; lastKnownFileType = sourcecode.swift; path = SimpleViewSWUI.swift; sourceTree = "<group>"; };
		11C079E52BC021BA006C4739 /* SimpleViewManager.m */ = {isa = PBXFileReference; lastKnownFileType = sourcecode.c.objc; path = SimpleViewManager.m; sourceTree = "<group>"; };
		11C079E72BC02EF6006C4739 /* SimpleViewManager.swift */ = {isa = PBXFileReference; lastKnownFileType = sourcecode.swift; path = SimpleViewManager.swift; sourceTree = "<group>"; };
		11C079EB2BC13536006C4739 /* SimpleViewProxy.view.swift */ = {isa = PBXFileReference; lastKnownFileType = sourcecode.swift; path = SimpleViewProxy.view.swift; sourceTree = "<group>"; };
		11C079F02BC15598006C4739 /* ShotFileInfo.swift */ = {isa = PBXFileReference; fileEncoding = 4; lastKnownFileType = sourcecode.swift; path = ShotFileInfo.swift; sourceTree = "<group>"; };
		11C079F12BC15598006C4739 /* TimedMessageList.swift */ = {isa = PBXFileReference; fileEncoding = 4; lastKnownFileType = sourcecode.swift; path = TimedMessageList.swift; sourceTree = "<group>"; };
		11C079F22BC15598006C4739 /* FeedbackMessages.swift */ = {isa = PBXFileReference; fileEncoding = 4; lastKnownFileType = sourcecode.swift; path = FeedbackMessages.swift; sourceTree = "<group>"; };
		11C079F32BC15598006C4739 /* GuidedCaptureSampleApp.swift */ = {isa = PBXFileReference; fileEncoding = 4; lastKnownFileType = sourcecode.swift; path = GuidedCaptureSampleApp.swift; sourceTree = "<group>"; };
		11C079F42BC15598006C4739 /* TutorialVideoView.swift */ = {isa = PBXFileReference; fileEncoding = 4; lastKnownFileType = sourcecode.swift; path = TutorialVideoView.swift; sourceTree = "<group>"; };
		11C079F52BC15598006C4739 /* OnboardingStateMachine.swift */ = {isa = PBXFileReference; fileEncoding = 4; lastKnownFileType = sourcecode.swift; path = OnboardingStateMachine.swift; sourceTree = "<group>"; };
		11C079F62BC15598006C4739 /* OnboardingTutorialView+LocalizedString.swift */ = {isa = PBXFileReference; fileEncoding = 4; lastKnownFileType = sourcecode.swift; path = "OnboardingTutorialView+LocalizedString.swift"; sourceTree = "<group>"; };
		11C079F72BC15598006C4739 /* AppDataModel+Orbit.swift */ = {isa = PBXFileReference; fileEncoding = 4; lastKnownFileType = sourcecode.swift; path = "AppDataModel+Orbit.swift"; sourceTree = "<group>"; };
		11C079F82BC15598006C4739 /* OnboardingButtonView+LocalizedString.swift */ = {isa = PBXFileReference; fileEncoding = 4; lastKnownFileType = sourcecode.swift; path = "OnboardingButtonView+LocalizedString.swift"; sourceTree = "<group>"; };
		11C079F92BC15598006C4739 /* HelpPageView.swift */ = {isa = PBXFileReference; fileEncoding = 4; lastKnownFileType = sourcecode.swift; path = HelpPageView.swift; sourceTree = "<group>"; };
		11C079FA2BC15598006C4739 /* ProgressBarView.swift */ = {isa = PBXFileReference; fileEncoding = 4; lastKnownFileType = sourcecode.swift; path = ProgressBarView.swift; sourceTree = "<group>"; };
		11C079FC2BC15598006C4739 /* ScanPasses-iPhone-FixedHeight-unflippable-low.mp4 */ = {isa = PBXFileReference; lastKnownFileType = file; path = "ScanPasses-iPhone-FixedHeight-unflippable-low.mp4"; sourceTree = "<group>"; };
		11C079FD2BC15598006C4739 /* ScanPasses-iPhone-FixedHeight-1.mp4 */ = {isa = PBXFileReference; lastKnownFileType = file; path = "ScanPasses-iPhone-FixedHeight-1.mp4"; sourceTree = "<group>"; };
		11C079FE2BC15598006C4739 /* ScanPasses-iPad-FixedHeight-unflippable-high.mp4 */ = {isa = PBXFileReference; lastKnownFileType = file; path = "ScanPasses-iPad-FixedHeight-unflippable-high.mp4"; sourceTree = "<group>"; };
		11C079FF2BC15598006C4739 /* ScanPasses-iPhone-FixedHeight-2.mp4 */ = {isa = PBXFileReference; lastKnownFileType = file; path = "ScanPasses-iPhone-FixedHeight-2.mp4"; sourceTree = "<group>"; };
		11C07A002BC15598006C4739 /* ScanPasses-iPhone-FixedHeight-3.mp4 */ = {isa = PBXFileReference; lastKnownFileType = file; path = "ScanPasses-iPhone-FixedHeight-3.mp4"; sourceTree = "<group>"; };
		11C07A012BC15598006C4739 /* ScanPasses-iPhone-FixedHeight-unflippable-high.mp4 */ = {isa = PBXFileReference; lastKnownFileType = file; path = "ScanPasses-iPhone-FixedHeight-unflippable-high.mp4"; sourceTree = "<group>"; };
		11C07A022BC15598006C4739 /* ScanPasses-iPad-FixedHeight-2.mp4 */ = {isa = PBXFileReference; lastKnownFileType = file; path = "ScanPasses-iPad-FixedHeight-2.mp4"; sourceTree = "<group>"; };
		11C07A032BC15598006C4739 /* ScanPasses-iPad-FixedHeight-3.mp4 */ = {isa = PBXFileReference; lastKnownFileType = file; path = "ScanPasses-iPad-FixedHeight-3.mp4"; sourceTree = "<group>"; };
		11C07A042BC15598006C4739 /* ScanPasses-iPad-FixedHeight-1.mp4 */ = {isa = PBXFileReference; lastKnownFileType = file; path = "ScanPasses-iPad-FixedHeight-1.mp4"; sourceTree = "<group>"; };
		11C07A052BC15598006C4739 /* ScanPasses-iPad-FixedHeight-unflippable-low.mp4 */ = {isa = PBXFileReference; lastKnownFileType = file; path = "ScanPasses-iPad-FixedHeight-unflippable-low.mp4"; sourceTree = "<group>"; };
		11C07A072BC15598006C4739 /* CaptureOverlayView.swift */ = {isa = PBXFileReference; fileEncoding = 4; lastKnownFileType = sourcecode.swift; path = CaptureOverlayView.swift; sourceTree = "<group>"; };
		11C07A092BC15598006C4739 /* Preview Assets.xcassets */ = {isa = PBXFileReference; lastKnownFileType = folder.assetcatalog; path = "Preview Assets.xcassets"; sourceTree = "<group>"; };
		11C07A0A2BC15598006C4739 /* AppDataModel+State.swift */ = {isa = PBXFileReference; fileEncoding = 4; lastKnownFileType = sourcecode.swift; path = "AppDataModel+State.swift"; sourceTree = "<group>"; };
		11C07A0B2BC15598006C4739 /* UntilProcessingCompleteFilter.swift */ = {isa = PBXFileReference; fileEncoding = 4; lastKnownFileType = sourcecode.swift; path = UntilProcessingCompleteFilter.swift; sourceTree = "<group>"; };
		11C07A0C2BC15598006C4739 /* OnboardingButtonView.swift */ = {isa = PBXFileReference; fileEncoding = 4; lastKnownFileType = sourcecode.swift; path = OnboardingButtonView.swift; sourceTree = "<group>"; };
		11C07A0D2BC15598006C4739 /* CaptureOverlayView+LocalizedString.swift */ = {isa = PBXFileReference; fileEncoding = 4; lastKnownFileType = sourcecode.swift; path = "CaptureOverlayView+LocalizedString.swift"; sourceTree = "<group>"; };
		11C07A0E2BC15598006C4739 /* PlayerView.swift */ = {isa = PBXFileReference; fileEncoding = 4; lastKnownFileType = sourcecode.swift; path = PlayerView.swift; sourceTree = "<group>"; };
		11C07A0F2BC15598006C4739 /* FeedbackView.swift */ = {isa = PBXFileReference; fileEncoding = 4; lastKnownFileType = sourcecode.swift; path = FeedbackView.swift; sourceTree = "<group>"; };
		11C07A102BC15598006C4739 /* ReconstructionPrimaryView.swift */ = {isa = PBXFileReference; fileEncoding = 4; lastKnownFileType = sourcecode.swift; path = ReconstructionPrimaryView.swift; sourceTree = "<group>"; };
		11C07A112BC15598006C4739 /* AppDataModel.swift */ = {isa = PBXFileReference; fileEncoding = 4; lastKnownFileType = sourcecode.swift; path = AppDataModel.swift; sourceTree = "<group>"; };
		11C07A122BC15598006C4739 /* CaptureOverlayView+Buttons.swift */ = {isa = PBXFileReference; fileEncoding = 4; lastKnownFileType = sourcecode.swift; path = "CaptureOverlayView+Buttons.swift"; sourceTree = "<group>"; };
		11C07A132BC15598006C4739 /* CapturePrimaryView.swift */ = {isa = PBXFileReference; fileEncoding = 4; lastKnownFileType = sourcecode.swift; path = CapturePrimaryView.swift; sourceTree = "<group>"; };
		11C07A142BC15598006C4739 /* OnboardingView.swift */ = {isa = PBXFileReference; fileEncoding = 4; lastKnownFileType = sourcecode.swift; path = OnboardingView.swift; sourceTree = "<group>"; };
		11C07A152BC15598006C4739 /* ContentView.swift */ = {isa = PBXFileReference; fileEncoding = 4; lastKnownFileType = sourcecode.swift; path = ContentView.swift; sourceTree = "<group>"; };
		11C07A162BC15598006C4739 /* CaptureFolderManager.swift */ = {isa = PBXFileReference; fileEncoding = 4; lastKnownFileType = sourcecode.swift; path = CaptureFolderManager.swift; sourceTree = "<group>"; };
		11C07A172BC15598006C4739 /* ModelView.swift */ = {isa = PBXFileReference; fileEncoding = 4; lastKnownFileType = sourcecode.swift; path = ModelView.swift; sourceTree = "<group>"; };
		11C07A192BC15598006C4739 /* OnboardingTutorialView.swift */ = {isa = PBXFileReference; fileEncoding = 4; lastKnownFileType = sourcecode.swift; path = OnboardingTutorialView.swift; sourceTree = "<group>"; };
		13B07F961A680F5B00A75B9A /* ReactNativeSwiftUIBridge.app */ = {isa = PBXFileReference; explicitFileType = wrapper.application; includeInIndex = 0; path = ReactNativeSwiftUIBridge.app; sourceTree = BUILT_PRODUCTS_DIR; };
		13B07FAF1A68108700A75B9A /* AppDelegate.h */ = {isa = PBXFileReference; fileEncoding = 4; lastKnownFileType = sourcecode.c.h; name = AppDelegate.h; path = ReactNativeSwiftUIBridge/AppDelegate.h; sourceTree = "<group>"; };
		13B07FB01A68108700A75B9A /* AppDelegate.mm */ = {isa = PBXFileReference; fileEncoding = 4; lastKnownFileType = sourcecode.cpp.objcpp; name = AppDelegate.mm; path = ReactNativeSwiftUIBridge/AppDelegate.mm; sourceTree = "<group>"; };
		13B07FB51A68108700A75B9A /* Images.xcassets */ = {isa = PBXFileReference; lastKnownFileType = folder.assetcatalog; name = Images.xcassets; path = ReactNativeSwiftUIBridge/Images.xcassets; sourceTree = "<group>"; };
		13B07FB61A68108700A75B9A /* Info.plist */ = {isa = PBXFileReference; fileEncoding = 4; lastKnownFileType = text.plist.xml; name = Info.plist; path = ReactNativeSwiftUIBridge/Info.plist; sourceTree = "<group>"; };
		13B07FB71A68108700A75B9A /* main.m */ = {isa = PBXFileReference; fileEncoding = 4; lastKnownFileType = sourcecode.c.objc; name = main.m; path = ReactNativeSwiftUIBridge/main.m; sourceTree = "<group>"; };
		19F6CBCC0A4E27FBF8BF4A61 /* libPods-ReactNativeSwiftUIBridge-ReactNativeSwiftUIBridgeTests.a */ = {isa = PBXFileReference; explicitFileType = archive.ar; includeInIndex = 0; path = "libPods-ReactNativeSwiftUIBridge-ReactNativeSwiftUIBridgeTests.a"; sourceTree = BUILT_PRODUCTS_DIR; };
		3B4392A12AC88292D35C810B /* Pods-ReactNativeSwiftUIBridge.debug.xcconfig */ = {isa = PBXFileReference; includeInIndex = 1; lastKnownFileType = text.xcconfig; name = "Pods-ReactNativeSwiftUIBridge.debug.xcconfig"; path = "Target Support Files/Pods-ReactNativeSwiftUIBridge/Pods-ReactNativeSwiftUIBridge.debug.xcconfig"; sourceTree = "<group>"; };
		5709B34CF0A7D63546082F79 /* Pods-ReactNativeSwiftUIBridge.release.xcconfig */ = {isa = PBXFileReference; includeInIndex = 1; lastKnownFileType = text.xcconfig; name = "Pods-ReactNativeSwiftUIBridge.release.xcconfig"; path = "Target Support Files/Pods-ReactNativeSwiftUIBridge/Pods-ReactNativeSwiftUIBridge.release.xcconfig"; sourceTree = "<group>"; };
		5B7EB9410499542E8C5724F5 /* Pods-ReactNativeSwiftUIBridge-ReactNativeSwiftUIBridgeTests.debug.xcconfig */ = {isa = PBXFileReference; includeInIndex = 1; lastKnownFileType = text.xcconfig; name = "Pods-ReactNativeSwiftUIBridge-ReactNativeSwiftUIBridgeTests.debug.xcconfig"; path = "Target Support Files/Pods-ReactNativeSwiftUIBridge-ReactNativeSwiftUIBridgeTests/Pods-ReactNativeSwiftUIBridge-ReactNativeSwiftUIBridgeTests.debug.xcconfig"; sourceTree = "<group>"; };
		5DCACB8F33CDC322A6C60F78 /* libPods-ReactNativeSwiftUIBridge.a */ = {isa = PBXFileReference; explicitFileType = archive.ar; includeInIndex = 0; path = "libPods-ReactNativeSwiftUIBridge.a"; sourceTree = BUILT_PRODUCTS_DIR; };
		81AB9BB72411601600AC10FF /* LaunchScreen.storyboard */ = {isa = PBXFileReference; fileEncoding = 4; lastKnownFileType = file.storyboard; name = LaunchScreen.storyboard; path = ReactNativeSwiftUIBridge/LaunchScreen.storyboard; sourceTree = "<group>"; };
		89C6BE57DB24E9ADA2F236DE /* Pods-ReactNativeSwiftUIBridge-ReactNativeSwiftUIBridgeTests.release.xcconfig */ = {isa = PBXFileReference; includeInIndex = 1; lastKnownFileType = text.xcconfig; name = "Pods-ReactNativeSwiftUIBridge-ReactNativeSwiftUIBridgeTests.release.xcconfig"; path = "Target Support Files/Pods-ReactNativeSwiftUIBridge-ReactNativeSwiftUIBridgeTests/Pods-ReactNativeSwiftUIBridge-ReactNativeSwiftUIBridgeTests.release.xcconfig"; sourceTree = "<group>"; };
		ED297162215061F000B7C4FE /* JavaScriptCore.framework */ = {isa = PBXFileReference; lastKnownFileType = wrapper.framework; name = JavaScriptCore.framework; path = System/Library/Frameworks/JavaScriptCore.framework; sourceTree = SDKROOT; };
/* End PBXFileReference section */

/* Begin PBXFrameworksBuildPhase section */
		00E356EB1AD99517003FC87E /* Frameworks */ = {
			isa = PBXFrameworksBuildPhase;
			buildActionMask = 2147483647;
			files = (
				7699B88040F8A987B510C191 /* libPods-ReactNativeSwiftUIBridge-ReactNativeSwiftUIBridgeTests.a in Frameworks */,
			);
			runOnlyForDeploymentPostprocessing = 0;
		};
		13B07F8C1A680F5B00A75B9A /* Frameworks */ = {
			isa = PBXFrameworksBuildPhase;
			buildActionMask = 2147483647;
			files = (
				0C80B921A6F3F58F76C31292 /* libPods-ReactNativeSwiftUIBridge.a in Frameworks */,
			);
			runOnlyForDeploymentPostprocessing = 0;
		};
/* End PBXFrameworksBuildPhase section */

/* Begin PBXGroup section */
		00E356EF1AD99517003FC87E /* ReactNativeSwiftUIBridgeTests */ = {
			isa = PBXGroup;
			children = (
				00E356F21AD99517003FC87E /* ReactNativeSwiftUIBridgeTests.m */,
				00E356F01AD99517003FC87E /* Supporting Files */,
			);
			path = ReactNativeSwiftUIBridgeTests;
			sourceTree = "<group>";
		};
		00E356F01AD99517003FC87E /* Supporting Files */ = {
			isa = PBXGroup;
			children = (
				00E356F11AD99517003FC87E /* Info.plist */,
			);
			name = "Supporting Files";
			sourceTree = "<group>";
		};
		11C079EF2BC15598006C4739 /* GuidedCapture */ = {
			isa = PBXGroup;
			children = (
				11C079F02BC15598006C4739 /* ShotFileInfo.swift */,
				11C079F12BC15598006C4739 /* TimedMessageList.swift */,
				11C079F22BC15598006C4739 /* FeedbackMessages.swift */,
				11C079F32BC15598006C4739 /* GuidedCaptureSampleApp.swift */,
				11C079F42BC15598006C4739 /* TutorialVideoView.swift */,
				11C079F52BC15598006C4739 /* OnboardingStateMachine.swift */,
				11C079F62BC15598006C4739 /* OnboardingTutorialView+LocalizedString.swift */,
				11C079F72BC15598006C4739 /* AppDataModel+Orbit.swift */,
				11C079F82BC15598006C4739 /* OnboardingButtonView+LocalizedString.swift */,
				11C079F92BC15598006C4739 /* HelpPageView.swift */,
				11C079FA2BC15598006C4739 /* ProgressBarView.swift */,
				11C079FB2BC15598006C4739 /* Resources */,
				11C07A072BC15598006C4739 /* CaptureOverlayView.swift */,
				11C07A082BC15598006C4739 /* Preview Content */,
				11C07A0A2BC15598006C4739 /* AppDataModel+State.swift */,
				11C07A0B2BC15598006C4739 /* UntilProcessingCompleteFilter.swift */,
				11C07A0C2BC15598006C4739 /* OnboardingButtonView.swift */,
				11C07A0D2BC15598006C4739 /* CaptureOverlayView+LocalizedString.swift */,
				11C07A0E2BC15598006C4739 /* PlayerView.swift */,
				11C07A0F2BC15598006C4739 /* FeedbackView.swift */,
				11C07A102BC15598006C4739 /* ReconstructionPrimaryView.swift */,
				11C07A112BC15598006C4739 /* AppDataModel.swift */,
				11C07A122BC15598006C4739 /* CaptureOverlayView+Buttons.swift */,
				11C07A132BC15598006C4739 /* CapturePrimaryView.swift */,
				11C07A142BC15598006C4739 /* OnboardingView.swift */,
				11C07A152BC15598006C4739 /* ContentView.swift */,
				11C07A162BC15598006C4739 /* CaptureFolderManager.swift */,
				11C07A172BC15598006C4739 /* ModelView.swift */,
				11C07A192BC15598006C4739 /* OnboardingTutorialView.swift */,
			);
			path = GuidedCapture;
			sourceTree = "<group>";
		};
		11C079FB2BC15598006C4739 /* Resources */ = {
			isa = PBXGroup;
			children = (
				11C079FC2BC15598006C4739 /* ScanPasses-iPhone-FixedHeight-unflippable-low.mp4 */,
				11C079FD2BC15598006C4739 /* ScanPasses-iPhone-FixedHeight-1.mp4 */,
				11C079FE2BC15598006C4739 /* ScanPasses-iPad-FixedHeight-unflippable-high.mp4 */,
				11C079FF2BC15598006C4739 /* ScanPasses-iPhone-FixedHeight-2.mp4 */,
				11C07A002BC15598006C4739 /* ScanPasses-iPhone-FixedHeight-3.mp4 */,
				11C07A012BC15598006C4739 /* ScanPasses-iPhone-FixedHeight-unflippable-high.mp4 */,
				11C07A022BC15598006C4739 /* ScanPasses-iPad-FixedHeight-2.mp4 */,
				11C07A032BC15598006C4739 /* ScanPasses-iPad-FixedHeight-3.mp4 */,
				11C07A042BC15598006C4739 /* ScanPasses-iPad-FixedHeight-1.mp4 */,
				11C07A052BC15598006C4739 /* ScanPasses-iPad-FixedHeight-unflippable-low.mp4 */,
			);
			path = Resources;
			sourceTree = "<group>";
		};
		11C07A082BC15598006C4739 /* Preview Content */ = {
			isa = PBXGroup;
			children = (
				11C07A092BC15598006C4739 /* Preview Assets.xcassets */,
			);
			path = "Preview Content";
			sourceTree = "<group>";
		};
		13B07FAE1A68108700A75B9A /* ReactNativeSwiftUIBridge */ = {
			isa = PBXGroup;
			children = (
				13B07FAF1A68108700A75B9A /* AppDelegate.h */,
				13B07FB01A68108700A75B9A /* AppDelegate.mm */,
				13B07FB51A68108700A75B9A /* Images.xcassets */,
				13B07FB61A68108700A75B9A /* Info.plist */,
				81AB9BB72411601600AC10FF /* LaunchScreen.storyboard */,
				13B07FB71A68108700A75B9A /* main.m */,
			);
			name = ReactNativeSwiftUIBridge;
			sourceTree = "<group>";
		};
		2D16E6871FA4F8E400B85C8A /* Frameworks */ = {
			isa = PBXGroup;
			children = (
				ED297162215061F000B7C4FE /* JavaScriptCore.framework */,
				5DCACB8F33CDC322A6C60F78 /* libPods-ReactNativeSwiftUIBridge.a */,
				19F6CBCC0A4E27FBF8BF4A61 /* libPods-ReactNativeSwiftUIBridge-ReactNativeSwiftUIBridgeTests.a */,
			);
			name = Frameworks;
			sourceTree = "<group>";
		};
		832341AE1AAA6A7D00B99B32 /* Libraries */ = {
			isa = PBXGroup;
			children = (
			);
			name = Libraries;
			sourceTree = "<group>";
		};
		83CBB9F61A601CBA00E9B192 = {
			isa = PBXGroup;
			children = (
				11C079EF2BC15598006C4739 /* GuidedCapture */,
				11C079EB2BC13536006C4739 /* SimpleViewProxy.view.swift */,
				11C079E72BC02EF6006C4739 /* SimpleViewManager.swift */,
				11C079E52BC021BA006C4739 /* SimpleViewManager.m */,
				11C079E32BC00FB3006C4739 /* SimpleViewSWUI.swift */,
				13B07FAE1A68108700A75B9A /* ReactNativeSwiftUIBridge */,
				832341AE1AAA6A7D00B99B32 /* Libraries */,
				00E356EF1AD99517003FC87E /* ReactNativeSwiftUIBridgeTests */,
				83CBBA001A601CBA00E9B192 /* Products */,
				2D16E6871FA4F8E400B85C8A /* Frameworks */,
				BBD78D7AC51CEA395F1C20DB /* Pods */,
				11C079E22BC00FB3006C4739 /* ReactNativeSwiftUIBridge-Bridging-Header.h */,
			);
			indentWidth = 2;
			sourceTree = "<group>";
			tabWidth = 2;
			usesTabs = 0;
		};
		83CBBA001A601CBA00E9B192 /* Products */ = {
			isa = PBXGroup;
			children = (
				13B07F961A680F5B00A75B9A /* ReactNativeSwiftUIBridge.app */,
				00E356EE1AD99517003FC87E /* ReactNativeSwiftUIBridgeTests.xctest */,
			);
			name = Products;
			sourceTree = "<group>";
		};
		BBD78D7AC51CEA395F1C20DB /* Pods */ = {
			isa = PBXGroup;
			children = (
				3B4392A12AC88292D35C810B /* Pods-ReactNativeSwiftUIBridge.debug.xcconfig */,
				5709B34CF0A7D63546082F79 /* Pods-ReactNativeSwiftUIBridge.release.xcconfig */,
				5B7EB9410499542E8C5724F5 /* Pods-ReactNativeSwiftUIBridge-ReactNativeSwiftUIBridgeTests.debug.xcconfig */,
				89C6BE57DB24E9ADA2F236DE /* Pods-ReactNativeSwiftUIBridge-ReactNativeSwiftUIBridgeTests.release.xcconfig */,
			);
			path = Pods;
			sourceTree = "<group>";
		};
/* End PBXGroup section */

/* Begin PBXNativeTarget section */
		00E356ED1AD99517003FC87E /* ReactNativeSwiftUIBridgeTests */ = {
			isa = PBXNativeTarget;
			buildConfigurationList = 00E357021AD99517003FC87E /* Build configuration list for PBXNativeTarget "ReactNativeSwiftUIBridgeTests" */;
			buildPhases = (
				A55EABD7B0C7F3A422A6CC61 /* [CP] Check Pods Manifest.lock */,
				00E356EA1AD99517003FC87E /* Sources */,
				00E356EB1AD99517003FC87E /* Frameworks */,
				00E356EC1AD99517003FC87E /* Resources */,
				C59DA0FBD6956966B86A3779 /* [CP] Embed Pods Frameworks */,
				F6A41C54EA430FDDC6A6ED99 /* [CP] Copy Pods Resources */,
			);
			buildRules = (
			);
			dependencies = (
				00E356F51AD99517003FC87E /* PBXTargetDependency */,
			);
			name = ReactNativeSwiftUIBridgeTests;
			productName = ReactNativeSwiftUIBridgeTests;
			productReference = 00E356EE1AD99517003FC87E /* ReactNativeSwiftUIBridgeTests.xctest */;
			productType = "com.apple.product-type.bundle.unit-test";
		};
		13B07F861A680F5B00A75B9A /* ReactNativeSwiftUIBridge */ = {
			isa = PBXNativeTarget;
			buildConfigurationList = 13B07F931A680F5B00A75B9A /* Build configuration list for PBXNativeTarget "ReactNativeSwiftUIBridge" */;
			buildPhases = (
				C38B50BA6285516D6DCD4F65 /* [CP] Check Pods Manifest.lock */,
				13B07F871A680F5B00A75B9A /* Sources */,
				13B07F8C1A680F5B00A75B9A /* Frameworks */,
				13B07F8E1A680F5B00A75B9A /* Resources */,
				00DD1BFF1BD5951E006B06BC /* Bundle React Native code and images */,
				00EEFC60759A1932668264C0 /* [CP] Embed Pods Frameworks */,
				E235C05ADACE081382539298 /* [CP] Copy Pods Resources */,
			);
			buildRules = (
			);
			dependencies = (
			);
			name = ReactNativeSwiftUIBridge;
			productName = ReactNativeSwiftUIBridge;
			productReference = 13B07F961A680F5B00A75B9A /* ReactNativeSwiftUIBridge.app */;
			productType = "com.apple.product-type.application";
		};
/* End PBXNativeTarget section */

/* Begin PBXProject section */
		83CBB9F71A601CBA00E9B192 /* Project object */ = {
			isa = PBXProject;
			attributes = {
				LastUpgradeCheck = 1210;
				TargetAttributes = {
					00E356ED1AD99517003FC87E = {
						CreatedOnToolsVersion = 6.2;
						TestTargetID = 13B07F861A680F5B00A75B9A;
					};
					13B07F861A680F5B00A75B9A = {
						LastSwiftMigration = 1520;
					};
				};
			};
			buildConfigurationList = 83CBB9FA1A601CBA00E9B192 /* Build configuration list for PBXProject "ReactNativeSwiftUIBridge" */;
			compatibilityVersion = "Xcode 12.0";
			developmentRegion = en;
			hasScannedForEncodings = 0;
			knownRegions = (
				en,
				Base,
			);
			mainGroup = 83CBB9F61A601CBA00E9B192;
			productRefGroup = 83CBBA001A601CBA00E9B192 /* Products */;
			projectDirPath = "";
			projectRoot = "";
			targets = (
				13B07F861A680F5B00A75B9A /* ReactNativeSwiftUIBridge */,
				00E356ED1AD99517003FC87E /* ReactNativeSwiftUIBridgeTests */,
			);
		};
/* End PBXProject section */

/* Begin PBXResourcesBuildPhase section */
		00E356EC1AD99517003FC87E /* Resources */ = {
			isa = PBXResourcesBuildPhase;
			buildActionMask = 2147483647;
			files = (
			);
			runOnlyForDeploymentPostprocessing = 0;
		};
		13B07F8E1A680F5B00A75B9A /* Resources */ = {
			isa = PBXResourcesBuildPhase;
			buildActionMask = 2147483647;
			files = (
				11C07A2D2BC15598006C4739 /* ScanPasses-iPad-FixedHeight-1.mp4 in Resources */,
				11C07A252BC15598006C4739 /* ScanPasses-iPhone-FixedHeight-unflippable-low.mp4 in Resources */,
				11C07A282BC15598006C4739 /* ScanPasses-iPhone-FixedHeight-2.mp4 in Resources */,
				81AB9BB82411601600AC10FF /* LaunchScreen.storyboard in Resources */,
				11C07A292BC15598006C4739 /* ScanPasses-iPhone-FixedHeight-3.mp4 in Resources */,
				11C07A2B2BC15598006C4739 /* ScanPasses-iPad-FixedHeight-2.mp4 in Resources */,
				11C07A272BC15598006C4739 /* ScanPasses-iPad-FixedHeight-unflippable-high.mp4 in Resources */,
				11C07A262BC15598006C4739 /* ScanPasses-iPhone-FixedHeight-1.mp4 in Resources */,
				13B07FBF1A68108700A75B9A /* Images.xcassets in Resources */,
				11C07A312BC15598006C4739 /* Preview Assets.xcassets in Resources */,
				11C07A2E2BC15598006C4739 /* ScanPasses-iPad-FixedHeight-unflippable-low.mp4 in Resources */,
				11C07A2A2BC15598006C4739 /* ScanPasses-iPhone-FixedHeight-unflippable-high.mp4 in Resources */,
				11C07A2C2BC15598006C4739 /* ScanPasses-iPad-FixedHeight-3.mp4 in Resources */,
			);
			runOnlyForDeploymentPostprocessing = 0;
		};
/* End PBXResourcesBuildPhase section */

/* Begin PBXShellScriptBuildPhase section */
		00DD1BFF1BD5951E006B06BC /* Bundle React Native code and images */ = {
			isa = PBXShellScriptBuildPhase;
			buildActionMask = 2147483647;
			files = (
			);
			inputPaths = (
				"$(SRCROOT)/.xcode.env.local",
				"$(SRCROOT)/.xcode.env",
			);
			name = "Bundle React Native code and images";
			outputPaths = (
			);
			runOnlyForDeploymentPostprocessing = 0;
			shellPath = /bin/sh;
			shellScript = "set -e\n\nWITH_ENVIRONMENT=\"../node_modules/react-native/scripts/xcode/with-environment.sh\"\nREACT_NATIVE_XCODE=\"../node_modules/react-native/scripts/react-native-xcode.sh\"\n\n/bin/sh -c \"$WITH_ENVIRONMENT $REACT_NATIVE_XCODE\"\n";
		};
		00EEFC60759A1932668264C0 /* [CP] Embed Pods Frameworks */ = {
			isa = PBXShellScriptBuildPhase;
			buildActionMask = 2147483647;
			files = (
			);
			inputFileListPaths = (
				"${PODS_ROOT}/Target Support Files/Pods-ReactNativeSwiftUIBridge/Pods-ReactNativeSwiftUIBridge-frameworks-${CONFIGURATION}-input-files.xcfilelist",
			);
			name = "[CP] Embed Pods Frameworks";
			outputFileListPaths = (
				"${PODS_ROOT}/Target Support Files/Pods-ReactNativeSwiftUIBridge/Pods-ReactNativeSwiftUIBridge-frameworks-${CONFIGURATION}-output-files.xcfilelist",
			);
			runOnlyForDeploymentPostprocessing = 0;
			shellPath = /bin/sh;
			shellScript = "\"${PODS_ROOT}/Target Support Files/Pods-ReactNativeSwiftUIBridge/Pods-ReactNativeSwiftUIBridge-frameworks.sh\"\n";
			showEnvVarsInLog = 0;
		};
		A55EABD7B0C7F3A422A6CC61 /* [CP] Check Pods Manifest.lock */ = {
			isa = PBXShellScriptBuildPhase;
			buildActionMask = 2147483647;
			files = (
			);
			inputFileListPaths = (
			);
			inputPaths = (
				"${PODS_PODFILE_DIR_PATH}/Podfile.lock",
				"${PODS_ROOT}/Manifest.lock",
			);
			name = "[CP] Check Pods Manifest.lock";
			outputFileListPaths = (
			);
			outputPaths = (
				"$(DERIVED_FILE_DIR)/Pods-ReactNativeSwiftUIBridge-ReactNativeSwiftUIBridgeTests-checkManifestLockResult.txt",
			);
			runOnlyForDeploymentPostprocessing = 0;
			shellPath = /bin/sh;
			shellScript = "diff \"${PODS_PODFILE_DIR_PATH}/Podfile.lock\" \"${PODS_ROOT}/Manifest.lock\" > /dev/null\nif [ $? != 0 ] ; then\n    # print error to STDERR\n    echo \"error: The sandbox is not in sync with the Podfile.lock. Run 'pod install' or update your CocoaPods installation.\" >&2\n    exit 1\nfi\n# This output is used by Xcode 'outputs' to avoid re-running this script phase.\necho \"SUCCESS\" > \"${SCRIPT_OUTPUT_FILE_0}\"\n";
			showEnvVarsInLog = 0;
		};
		C38B50BA6285516D6DCD4F65 /* [CP] Check Pods Manifest.lock */ = {
			isa = PBXShellScriptBuildPhase;
			buildActionMask = 2147483647;
			files = (
			);
			inputFileListPaths = (
			);
			inputPaths = (
				"${PODS_PODFILE_DIR_PATH}/Podfile.lock",
				"${PODS_ROOT}/Manifest.lock",
			);
			name = "[CP] Check Pods Manifest.lock";
			outputFileListPaths = (
			);
			outputPaths = (
				"$(DERIVED_FILE_DIR)/Pods-ReactNativeSwiftUIBridge-checkManifestLockResult.txt",
			);
			runOnlyForDeploymentPostprocessing = 0;
			shellPath = /bin/sh;
			shellScript = "diff \"${PODS_PODFILE_DIR_PATH}/Podfile.lock\" \"${PODS_ROOT}/Manifest.lock\" > /dev/null\nif [ $? != 0 ] ; then\n    # print error to STDERR\n    echo \"error: The sandbox is not in sync with the Podfile.lock. Run 'pod install' or update your CocoaPods installation.\" >&2\n    exit 1\nfi\n# This output is used by Xcode 'outputs' to avoid re-running this script phase.\necho \"SUCCESS\" > \"${SCRIPT_OUTPUT_FILE_0}\"\n";
			showEnvVarsInLog = 0;
		};
		C59DA0FBD6956966B86A3779 /* [CP] Embed Pods Frameworks */ = {
			isa = PBXShellScriptBuildPhase;
			buildActionMask = 2147483647;
			files = (
			);
			inputFileListPaths = (
				"${PODS_ROOT}/Target Support Files/Pods-ReactNativeSwiftUIBridge-ReactNativeSwiftUIBridgeTests/Pods-ReactNativeSwiftUIBridge-ReactNativeSwiftUIBridgeTests-frameworks-${CONFIGURATION}-input-files.xcfilelist",
			);
			name = "[CP] Embed Pods Frameworks";
			outputFileListPaths = (
				"${PODS_ROOT}/Target Support Files/Pods-ReactNativeSwiftUIBridge-ReactNativeSwiftUIBridgeTests/Pods-ReactNativeSwiftUIBridge-ReactNativeSwiftUIBridgeTests-frameworks-${CONFIGURATION}-output-files.xcfilelist",
			);
			runOnlyForDeploymentPostprocessing = 0;
			shellPath = /bin/sh;
			shellScript = "\"${PODS_ROOT}/Target Support Files/Pods-ReactNativeSwiftUIBridge-ReactNativeSwiftUIBridgeTests/Pods-ReactNativeSwiftUIBridge-ReactNativeSwiftUIBridgeTests-frameworks.sh\"\n";
			showEnvVarsInLog = 0;
		};
		E235C05ADACE081382539298 /* [CP] Copy Pods Resources */ = {
			isa = PBXShellScriptBuildPhase;
			buildActionMask = 2147483647;
			files = (
			);
			inputFileListPaths = (
				"${PODS_ROOT}/Target Support Files/Pods-ReactNativeSwiftUIBridge/Pods-ReactNativeSwiftUIBridge-resources-${CONFIGURATION}-input-files.xcfilelist",
			);
			name = "[CP] Copy Pods Resources";
			outputFileListPaths = (
				"${PODS_ROOT}/Target Support Files/Pods-ReactNativeSwiftUIBridge/Pods-ReactNativeSwiftUIBridge-resources-${CONFIGURATION}-output-files.xcfilelist",
			);
			runOnlyForDeploymentPostprocessing = 0;
			shellPath = /bin/sh;
			shellScript = "\"${PODS_ROOT}/Target Support Files/Pods-ReactNativeSwiftUIBridge/Pods-ReactNativeSwiftUIBridge-resources.sh\"\n";
			showEnvVarsInLog = 0;
		};
		F6A41C54EA430FDDC6A6ED99 /* [CP] Copy Pods Resources */ = {
			isa = PBXShellScriptBuildPhase;
			buildActionMask = 2147483647;
			files = (
			);
			inputFileListPaths = (
				"${PODS_ROOT}/Target Support Files/Pods-ReactNativeSwiftUIBridge-ReactNativeSwiftUIBridgeTests/Pods-ReactNativeSwiftUIBridge-ReactNativeSwiftUIBridgeTests-resources-${CONFIGURATION}-input-files.xcfilelist",
			);
			name = "[CP] Copy Pods Resources";
			outputFileListPaths = (
				"${PODS_ROOT}/Target Support Files/Pods-ReactNativeSwiftUIBridge-ReactNativeSwiftUIBridgeTests/Pods-ReactNativeSwiftUIBridge-ReactNativeSwiftUIBridgeTests-resources-${CONFIGURATION}-output-files.xcfilelist",
			);
			runOnlyForDeploymentPostprocessing = 0;
			shellPath = /bin/sh;
			shellScript = "\"${PODS_ROOT}/Target Support Files/Pods-ReactNativeSwiftUIBridge-ReactNativeSwiftUIBridgeTests/Pods-ReactNativeSwiftUIBridge-ReactNativeSwiftUIBridgeTests-resources.sh\"\n";
			showEnvVarsInLog = 0;
		};
/* End PBXShellScriptBuildPhase section */

/* Begin PBXSourcesBuildPhase section */
		00E356EA1AD99517003FC87E /* Sources */ = {
			isa = PBXSourcesBuildPhase;
			buildActionMask = 2147483647;
			files = (
				00E356F31AD99517003FC87E /* ReactNativeSwiftUIBridgeTests.m in Sources */,
			);
			runOnlyForDeploymentPostprocessing = 0;
		};
		13B07F871A680F5B00A75B9A /* Sources */ = {
			isa = PBXSourcesBuildPhase;
			buildActionMask = 2147483647;
			files = (
				11C07A3C2BC15598006C4739 /* OnboardingView.swift in Sources */,
				11C07A1E2BC15598006C4739 /* TutorialVideoView.swift in Sources */,
				11C07A202BC15598006C4739 /* OnboardingTutorialView+LocalizedString.swift in Sources */,
				11C07A3B2BC15598006C4739 /* CapturePrimaryView.swift in Sources */,
				11C07A1D2BC15598006C4739 /* GuidedCaptureSampleApp.swift in Sources */,
				11C07A222BC15598006C4739 /* OnboardingButtonView+LocalizedString.swift in Sources */,
				11C079E82BC02EF6006C4739 /* SimpleViewManager.swift in Sources */,
				11C07A372BC15598006C4739 /* FeedbackView.swift in Sources */,
				11C07A322BC15598006C4739 /* AppDataModel+State.swift in Sources */,
				11C07A412BC15598006C4739 /* OnboardingTutorialView.swift in Sources */,
				11C07A382BC15598006C4739 /* ReconstructionPrimaryView.swift in Sources */,
				11C07A332BC15598006C4739 /* UntilProcessingCompleteFilter.swift in Sources */,
				11C079EC2BC13536006C4739 /* SimpleViewProxy.view.swift in Sources */,
				11C07A1F2BC15598006C4739 /* OnboardingStateMachine.swift in Sources */,
				13B07FBC1A68108700A75B9A /* AppDelegate.mm in Sources */,
				13B07FC11A68108700A75B9A /* main.m in Sources */,
				11C07A342BC15598006C4739 /* OnboardingButtonView.swift in Sources */,
				11C07A1C2BC15598006C4739 /* FeedbackMessages.swift in Sources */,
				11C07A392BC15598006C4739 /* AppDataModel.swift in Sources */,
				11C07A352BC15598006C4739 /* CaptureOverlayView+LocalizedString.swift in Sources */,
				11C07A3E2BC15598006C4739 /* CaptureFolderManager.swift in Sources */,
				11C07A302BC15598006C4739 /* CaptureOverlayView.swift in Sources */,
				11C079E62BC021BA006C4739 /* SimpleViewManager.m in Sources */,
				11C07A3F2BC15598006C4739 /* ModelView.swift in Sources */,
				11C07A212BC15598006C4739 /* AppDataModel+Orbit.swift in Sources */,
				11C07A1B2BC15598006C4739 /* TimedMessageList.swift in Sources */,
				11C07A1A2BC15598006C4739 /* ShotFileInfo.swift in Sources */,
				11C07A3A2BC15598006C4739 /* CaptureOverlayView+Buttons.swift in Sources */,
				11C07A362BC15598006C4739 /* PlayerView.swift in Sources */,
				11C07A3D2BC15598006C4739 /* ContentView.swift in Sources */,
				11C07A232BC15598006C4739 /* HelpPageView.swift in Sources */,
				11C079E42BC00FB3006C4739 /* SimpleViewSWUI.swift in Sources */,
				11C07A242BC15598006C4739 /* ProgressBarView.swift in Sources */,
			);
			runOnlyForDeploymentPostprocessing = 0;
		};
/* End PBXSourcesBuildPhase section */

/* Begin PBXTargetDependency section */
		00E356F51AD99517003FC87E /* PBXTargetDependency */ = {
			isa = PBXTargetDependency;
			target = 13B07F861A680F5B00A75B9A /* ReactNativeSwiftUIBridge */;
			targetProxy = 00E356F41AD99517003FC87E /* PBXContainerItemProxy */;
		};
/* End PBXTargetDependency section */

/* Begin XCBuildConfiguration section */
		00E356F61AD99517003FC87E /* Debug */ = {
			isa = XCBuildConfiguration;
			baseConfigurationReference = 5B7EB9410499542E8C5724F5 /* Pods-ReactNativeSwiftUIBridge-ReactNativeSwiftUIBridgeTests.debug.xcconfig */;
			buildSettings = {
				ALWAYS_EMBED_SWIFT_STANDARD_LIBRARIES = YES;
				BUNDLE_LOADER = "$(TEST_HOST)";
				GCC_PREPROCESSOR_DEFINITIONS = (
					"DEBUG=1",
					"$(inherited)",
				);
				INFOPLIST_FILE = ReactNativeSwiftUIBridgeTests/Info.plist;
				IPHONEOS_DEPLOYMENT_TARGET = 13.4;
				LD_RUNPATH_SEARCH_PATHS = (
					"$(inherited)",
					"@executable_path/Frameworks",
					"@loader_path/Frameworks",
				);
				OTHER_LDFLAGS = (
					"-ObjC",
					"-lc++",
					"$(inherited)",
				);
				PRODUCT_BUNDLE_IDENTIFIER = "org.reactjs.native.example.$(PRODUCT_NAME:rfc1034identifier)";
				PRODUCT_NAME = "$(TARGET_NAME)";
				TEST_HOST = "$(BUILT_PRODUCTS_DIR)/ReactNativeSwiftUIBridge.app/ReactNativeSwiftUIBridge";
			};
			name = Debug;
		};
		00E356F71AD99517003FC87E /* Release */ = {
			isa = XCBuildConfiguration;
			baseConfigurationReference = 89C6BE57DB24E9ADA2F236DE /* Pods-ReactNativeSwiftUIBridge-ReactNativeSwiftUIBridgeTests.release.xcconfig */;
			buildSettings = {
				ALWAYS_EMBED_SWIFT_STANDARD_LIBRARIES = YES;
				BUNDLE_LOADER = "$(TEST_HOST)";
				COPY_PHASE_STRIP = NO;
				INFOPLIST_FILE = ReactNativeSwiftUIBridgeTests/Info.plist;
				IPHONEOS_DEPLOYMENT_TARGET = 13.4;
				LD_RUNPATH_SEARCH_PATHS = (
					"$(inherited)",
					"@executable_path/Frameworks",
					"@loader_path/Frameworks",
				);
				OTHER_LDFLAGS = (
					"-ObjC",
					"-lc++",
					"$(inherited)",
				);
				PRODUCT_BUNDLE_IDENTIFIER = "org.reactjs.native.example.$(PRODUCT_NAME:rfc1034identifier)";
				PRODUCT_NAME = "$(TARGET_NAME)";
				TEST_HOST = "$(BUILT_PRODUCTS_DIR)/ReactNativeSwiftUIBridge.app/ReactNativeSwiftUIBridge";
			};
			name = Release;
		};
		13B07F941A680F5B00A75B9A /* Debug */ = {
			isa = XCBuildConfiguration;
			baseConfigurationReference = 3B4392A12AC88292D35C810B /* Pods-ReactNativeSwiftUIBridge.debug.xcconfig */;
			buildSettings = {
				ASSETCATALOG_COMPILER_APPICON_NAME = AppIcon;
				CLANG_ENABLE_MODULES = YES;
				CURRENT_PROJECT_VERSION = 1;
				DEVELOPMENT_TEAM = 522TY695G3;
				ENABLE_BITCODE = NO;
				INFOPLIST_FILE = ReactNativeSwiftUIBridge/Info.plist;
				IPHONEOS_DEPLOYMENT_TARGET = 17.0;
				LD_RUNPATH_SEARCH_PATHS = (
					"$(inherited)",
					"@executable_path/Frameworks",
				);
				MARKETING_VERSION = 1.0;
				OTHER_LDFLAGS = (
					"$(inherited)",
					"-ObjC",
					"-lc++",
				);
				PRODUCT_BUNDLE_IDENTIFIER = "org.reactjs.native.example.$(PRODUCT_NAME:rfc1034identifier)";
				PRODUCT_NAME = ReactNativeSwiftUIBridge;
				SWIFT_OBJC_BRIDGING_HEADER = "ReactNativeSwiftUIBridge-Bridging-Header.h";
				SWIFT_OPTIMIZATION_LEVEL = "-Onone";
				SWIFT_VERSION = 5.0;
				VERSIONING_SYSTEM = "apple-generic";
			};
			name = Debug;
		};
		13B07F951A680F5B00A75B9A /* Release */ = {
			isa = XCBuildConfiguration;
			baseConfigurationReference = 5709B34CF0A7D63546082F79 /* Pods-ReactNativeSwiftUIBridge.release.xcconfig */;
			buildSettings = {
				ASSETCATALOG_COMPILER_APPICON_NAME = AppIcon;
				CLANG_ENABLE_MODULES = YES;
				CURRENT_PROJECT_VERSION = 1;
				DEVELOPMENT_TEAM = 522TY695G3;
				INFOPLIST_FILE = ReactNativeSwiftUIBridge/Info.plist;
				IPHONEOS_DEPLOYMENT_TARGET = 17.0;
				LD_RUNPATH_SEARCH_PATHS = (
					"$(inherited)",
					"@executable_path/Frameworks",
				);
				MARKETING_VERSION = 1.0;
				OTHER_LDFLAGS = (
					"$(inherited)",
					"-ObjC",
					"-lc++",
				);
				PRODUCT_BUNDLE_IDENTIFIER = "org.reactjs.native.example.$(PRODUCT_NAME:rfc1034identifier)";
				PRODUCT_NAME = ReactNativeSwiftUIBridge;
				SWIFT_OBJC_BRIDGING_HEADER = "ReactNativeSwiftUIBridge-Bridging-Header.h";
				SWIFT_VERSION = 5.0;
				VERSIONING_SYSTEM = "apple-generic";
			};
			name = Release;
		};
		83CBBA201A601CBA00E9B192 /* Debug */ = {
			isa = XCBuildConfiguration;
			buildSettings = {
				ALWAYS_SEARCH_USER_PATHS = NO;
				CLANG_ANALYZER_LOCALIZABILITY_NONLOCALIZED = YES;
				CLANG_CXX_LANGUAGE_STANDARD = "c++20";
				CLANG_CXX_LIBRARY = "libc++";
				CLANG_ENABLE_MODULES = YES;
				CLANG_ENABLE_OBJC_ARC = YES;
				CLANG_WARN_BLOCK_CAPTURE_AUTORELEASING = YES;
				CLANG_WARN_BOOL_CONVERSION = YES;
				CLANG_WARN_COMMA = YES;
				CLANG_WARN_CONSTANT_CONVERSION = YES;
				CLANG_WARN_DEPRECATED_OBJC_IMPLEMENTATIONS = YES;
				CLANG_WARN_DIRECT_OBJC_ISA_USAGE = YES_ERROR;
				CLANG_WARN_EMPTY_BODY = YES;
				CLANG_WARN_ENUM_CONVERSION = YES;
				CLANG_WARN_INFINITE_RECURSION = YES;
				CLANG_WARN_INT_CONVERSION = YES;
				CLANG_WARN_NON_LITERAL_NULL_CONVERSION = YES;
				CLANG_WARN_OBJC_IMPLICIT_RETAIN_SELF = YES;
				CLANG_WARN_OBJC_LITERAL_CONVERSION = YES;
				CLANG_WARN_OBJC_ROOT_CLASS = YES_ERROR;
				CLANG_WARN_QUOTED_INCLUDE_IN_FRAMEWORK_HEADER = YES;
				CLANG_WARN_RANGE_LOOP_ANALYSIS = YES;
				CLANG_WARN_STRICT_PROTOTYPES = YES;
				CLANG_WARN_SUSPICIOUS_MOVE = YES;
				CLANG_WARN_UNREACHABLE_CODE = YES;
				CLANG_WARN__DUPLICATE_METHOD_MATCH = YES;
				"CODE_SIGN_IDENTITY[sdk=iphoneos*]" = "iPhone Developer";
				COPY_PHASE_STRIP = NO;
				ENABLE_STRICT_OBJC_MSGSEND = YES;
				ENABLE_TESTABILITY = YES;
				"EXCLUDED_ARCHS[sdk=iphonesimulator*]" = i386;
				GCC_C_LANGUAGE_STANDARD = gnu99;
				GCC_DYNAMIC_NO_PIC = NO;
				GCC_NO_COMMON_BLOCKS = YES;
				GCC_OPTIMIZATION_LEVEL = 0;
				GCC_PREPROCESSOR_DEFINITIONS = (
					"DEBUG=1",
					"$(inherited)",
				);
				GCC_SYMBOLS_PRIVATE_EXTERN = NO;
				GCC_WARN_64_TO_32_BIT_CONVERSION = YES;
				GCC_WARN_ABOUT_RETURN_TYPE = YES_ERROR;
				GCC_WARN_UNDECLARED_SELECTOR = YES;
				GCC_WARN_UNINITIALIZED_AUTOS = YES_AGGRESSIVE;
				GCC_WARN_UNUSED_FUNCTION = YES;
				GCC_WARN_UNUSED_VARIABLE = YES;
				IPHONEOS_DEPLOYMENT_TARGET = 17.0;
				LD_RUNPATH_SEARCH_PATHS = (
					/usr/lib/swift,
					"$(inherited)",
				);
				LIBRARY_SEARCH_PATHS = (
					"\"$(SDKROOT)/usr/lib/swift\"",
					"\"$(TOOLCHAIN_DIR)/usr/lib/swift/$(PLATFORM_NAME)\"",
					"\"$(inherited)\"",
				);
				MTL_ENABLE_DEBUG_INFO = YES;
				ONLY_ACTIVE_ARCH = YES;
				OTHER_CFLAGS = "$(inherited)";
				OTHER_CPLUSPLUSFLAGS = (
					"$(OTHER_CFLAGS)",
					"-DFOLLY_NO_CONFIG",
					"-DFOLLY_MOBILE=1",
					"-DFOLLY_USE_LIBCPP=1",
					"-DFOLLY_CFG_NO_COROUTINES=1",
				);
				OTHER_LDFLAGS = "$(inherited)  ";
				REACT_NATIVE_PATH = "${PODS_ROOT}/../../node_modules/react-native";
				SDKROOT = iphoneos;
				USE_HERMES = true;
			};
			name = Debug;
		};
		83CBBA211A601CBA00E9B192 /* Release */ = {
			isa = XCBuildConfiguration;
			buildSettings = {
				ALWAYS_SEARCH_USER_PATHS = NO;
				CLANG_ANALYZER_LOCALIZABILITY_NONLOCALIZED = YES;
				CLANG_CXX_LANGUAGE_STANDARD = "c++20";
				CLANG_CXX_LIBRARY = "libc++";
				CLANG_ENABLE_MODULES = YES;
				CLANG_ENABLE_OBJC_ARC = YES;
				CLANG_WARN_BLOCK_CAPTURE_AUTORELEASING = YES;
				CLANG_WARN_BOOL_CONVERSION = YES;
				CLANG_WARN_COMMA = YES;
				CLANG_WARN_CONSTANT_CONVERSION = YES;
				CLANG_WARN_DEPRECATED_OBJC_IMPLEMENTATIONS = YES;
				CLANG_WARN_DIRECT_OBJC_ISA_USAGE = YES_ERROR;
				CLANG_WARN_EMPTY_BODY = YES;
				CLANG_WARN_ENUM_CONVERSION = YES;
				CLANG_WARN_INFINITE_RECURSION = YES;
				CLANG_WARN_INT_CONVERSION = YES;
				CLANG_WARN_NON_LITERAL_NULL_CONVERSION = YES;
				CLANG_WARN_OBJC_IMPLICIT_RETAIN_SELF = YES;
				CLANG_WARN_OBJC_LITERAL_CONVERSION = YES;
				CLANG_WARN_OBJC_ROOT_CLASS = YES_ERROR;
				CLANG_WARN_QUOTED_INCLUDE_IN_FRAMEWORK_HEADER = YES;
				CLANG_WARN_RANGE_LOOP_ANALYSIS = YES;
				CLANG_WARN_STRICT_PROTOTYPES = YES;
				CLANG_WARN_SUSPICIOUS_MOVE = YES;
				CLANG_WARN_UNREACHABLE_CODE = YES;
				CLANG_WARN__DUPLICATE_METHOD_MATCH = YES;
				"CODE_SIGN_IDENTITY[sdk=iphoneos*]" = "iPhone Developer";
				COPY_PHASE_STRIP = YES;
				ENABLE_NS_ASSERTIONS = NO;
				ENABLE_STRICT_OBJC_MSGSEND = YES;
				"EXCLUDED_ARCHS[sdk=iphonesimulator*]" = i386;
				GCC_C_LANGUAGE_STANDARD = gnu99;
				GCC_NO_COMMON_BLOCKS = YES;
				GCC_WARN_64_TO_32_BIT_CONVERSION = YES;
				GCC_WARN_ABOUT_RETURN_TYPE = YES_ERROR;
				GCC_WARN_UNDECLARED_SELECTOR = YES;
				GCC_WARN_UNINITIALIZED_AUTOS = YES_AGGRESSIVE;
				GCC_WARN_UNUSED_FUNCTION = YES;
				GCC_WARN_UNUSED_VARIABLE = YES;
				IPHONEOS_DEPLOYMENT_TARGET = 17.0;
				LD_RUNPATH_SEARCH_PATHS = (
					/usr/lib/swift,
					"$(inherited)",
				);
				LIBRARY_SEARCH_PATHS = (
					"\"$(SDKROOT)/usr/lib/swift\"",
					"\"$(TOOLCHAIN_DIR)/usr/lib/swift/$(PLATFORM_NAME)\"",
					"\"$(inherited)\"",
				);
				MTL_ENABLE_DEBUG_INFO = NO;
				OTHER_CFLAGS = "$(inherited)";
				OTHER_CPLUSPLUSFLAGS = (
					"$(OTHER_CFLAGS)",
					"-DFOLLY_NO_CONFIG",
					"-DFOLLY_MOBILE=1",
					"-DFOLLY_USE_LIBCPP=1",
					"-DFOLLY_CFG_NO_COROUTINES=1",
				);
				OTHER_LDFLAGS = "$(inherited)  ";
				REACT_NATIVE_PATH = "${PODS_ROOT}/../../node_modules/react-native";
				SDKROOT = iphoneos;
				USE_HERMES = true;
				VALIDATE_PRODUCT = YES;
			};
			name = Release;
		};
/* End XCBuildConfiguration section */

/* Begin XCConfigurationList section */
		00E357021AD99517003FC87E /* Build configuration list for PBXNativeTarget "ReactNativeSwiftUIBridgeTests" */ = {
			isa = XCConfigurationList;
			buildConfigurations = (
				00E356F61AD99517003FC87E /* Debug */,
				00E356F71AD99517003FC87E /* Release */,
			);
			defaultConfigurationIsVisible = 0;
			defaultConfigurationName = Release;
		};
		13B07F931A680F5B00A75B9A /* Build configuration list for PBXNativeTarget "ReactNativeSwiftUIBridge" */ = {
			isa = XCConfigurationList;
			buildConfigurations = (
				13B07F941A680F5B00A75B9A /* Debug */,
				13B07F951A680F5B00A75B9A /* Release */,
			);
			defaultConfigurationIsVisible = 0;
			defaultConfigurationName = Release;
		};
		83CBB9FA1A601CBA00E9B192 /* Build configuration list for PBXProject "ReactNativeSwiftUIBridge" */ = {
			isa = XCConfigurationList;
			buildConfigurations = (
				83CBBA201A601CBA00E9B192 /* Debug */,
				83CBBA211A601CBA00E9B192 /* Release */,
			);
			defaultConfigurationIsVisible = 0;
			defaultConfigurationName = Release;
		};
/* End XCConfigurationList section */
	};
	rootObject = 83CBB9F71A601CBA00E9B192 /* Project object */;
}
